packages:
  - name: dbt_utils
    package: dbt-labs/dbt_utils
    version: 1.3.2
  - name: codegen
    package: dbt-labs/codegen
    version: 0.14.0
  - name: audit_helper
    package: dbt-labs/audit_helper
    version: 0.12.1
  - git: https://github.com/andrea-leonel/dbt_exam_practice.git
    name: core_macros
    revision: 85ac84e8d6e18da647e5dd4edc0fc199f0fad7ba
    subdirectory: core_macros
sha1_hash: 3c4c4f60fbf90ccf715de93ff073d5f9331a4ca5
